
Microsoft Visual Studio Solution File, Format Version 12.00
# Visual Studio Version 16
VisualStudioVersion = 16.0.28705.295
MinimumVisualStudioVersion = 10.0.40219.1
Project("{FAE04EC0-301F-11D3-BF4B-00C04F79EFBC}") = "chap5", "chap5\chap5.csproj", "{42CFC0E8-EDB3-4272-A99D-F5870F3DFBE8}"
EndProject
Global
	GlobalSection(SolutionConfigurationPlatforms) = preSolution
		Debug|Any CPU = Debug|Any CPU
		Release|Any CPU = Release|Any CPU
	EndGlobalSection
	GlobalSection(ProjectConfigurationPlatforms) = postSolution
		{42CFC0E8-EDB3-4272-A99D-F5870F3DFBE8}.Debug|Any CPU.ActiveCfg = Debug|Any CPU
		{42CFC0E8-EDB3-4272-A99D-F5870F3DFBE8}.Debug|Any CPU.Build.0 = Debug|Any CPU
		{42CFC0E8-EDB3-4272-A99D-F5870F3DFBE8}.Release|Any CPU.ActiveCfg = Release|Any CPU
		{42CFC0E8-EDB3-4272-A99D-F5870F3DFBE8}.Release|Any CPU.Build.0 = Release|Any CPU
	EndGlobalSection
	GlobalSection(SolutionProperties) = preSolution
		HideSolutionNode = FALSE
	EndGlobalSection
	GlobalSection(ExtensibilityGlobals) = postSolution
		SolutionGuid = {5BF6B4B3-5EA2-4DD8-9F29-73DF221E9E2D}
	EndGlobalSection
EndGlobal
